{
  "name": "litellm-AgentRouter",
  "lockfileVersion": 3,
  "requires": true,
  "packages": {
    "": {
      "dependencies": {
        "openai": "^6.8.1"
      }
    },
    "node_modules/openai": {
      "version": "6.8.1",
      "resolved": "https://registry.npmjs.org/openai/-/openai-6.8.1.tgz",
      "integrity": "sha512-ACifslrVgf+maMz9vqwMP4+v9qvx5Yzssydizks8n+YUJ6YwUoxj51sKRQ8HYMfR6wgKLSIlaI108ZwCk+8yig==",
      "license": "Apache-2.0",
      "bin": {
        "openai": "bin/cli"
      },
      "peerDependencies": {
        "ws": "^8.18.0",
        "zod": "^3.25 || ^4.0"
      },
      "peerDependenciesMeta": {
        "ws": {
          "optional": true
        },
        "zod": {
          "optional": true
        }
      }
    }
  }
}
